
Microsoft Visual Studio Solution File, Format Version 12.00
# Visual Studio Version 16
VisualStudioVersion = 16.0.30309.148
MinimumVisualStudioVersion = 10.0.40219.1
Project("{FAE04EC0-301F-11D3-BF4B-00C04F79EFBC}") = "HMXHTD", "HMXHTD.csproj", "{D0C31D6C-361D-4755-9AF8-7ED7505F4287}"
EndProject
Project("{FAE04EC0-301F-11D3-BF4B-00C04F79EFBC}") = "HMXHTD.Data", "HMXHTD.Data\HMXHTD.Data.csproj", "{9CD8A972-6324-4180-876B-D68C8B29C76C}"
EndProject
Project("{FAE04EC0-301F-11D3-BF4B-00C04F79EFBC}") = "XHTD_Schedules", "XHTD_Schedules\XHTD_Schedules.csproj", "{17F6E306-DAE6-4180-A80D-28C0748F20F3}"
EndProject
Project("{FAE04EC0-301F-11D3-BF4B-00C04F79EFBC}") = "HMXHTD.Services", "HMXHTD.Services\HMXHTD.Services.csproj", "{53CB607F-66AD-45C1-9D60-73B1B9974248}"
EndProject
Project("{FAE04EC0-301F-11D3-BF4B-00C04F79EFBC}") = "HMXHTD_CallVoiceService", "HMXHTD_CallVoiceService\HMXHTD_CallVoiceService.csproj", "{3791BEA3-6480-4BD8-B7D9-87D84D70EF68}"
EndProject
Project("{FAE04EC0-301F-11D3-BF4B-00C04F79EFBC}") = "XHTD_WEB", "XHTD_WEB\XHTD_WEB.csproj", "{537FB379-26F1-4EE3-89CF-063C6E52F8CB}"
EndProject
Project("{9A19103F-16F7-4668-BE54-9A1E7A4F7556}") = "XHTD_Web_NC", "XHTD_Web_NC\XHTD_Web_NC.csproj", "{AEDCB166-8BA0-4D31-A370-8AD5D62F2AAC}"
EndProject
Project("{FAE04EC0-301F-11D3-BF4B-00C04F79EFBC}") = "XHTD_SYNC_ORDER_SCHEDULE", "XHTD_SYNC_ORDER_SCHEDULE\XHTD_SYNC_ORDER_SCHEDULE.csproj", "{1FBD2AB6-44AD-4B3B-B7A4-3FB8112DB4E8}"
EndProject
Project("{FAE04EC0-301F-11D3-BF4B-00C04F79EFBC}") = "XHTD_ConfirmationPointModule_Service", "XHTD_ConfirmationPointModule_Service\XHTD_ConfirmationPointModule_Service.csproj", "{21C7008A-70E0-4CAB-A261-89CB4C3190C2}"
EndProject
Project("{FAE04EC0-301F-11D3-BF4B-00C04F79EFBC}") = "XHTD_Trough_Service", "XHTD_Trough_Service\XHTD_Trough_Service.csproj", "{6FAB7314-21D9-434C-8E9C-DA48D19BF486}"
EndProject
Project("{FAE04EC0-301F-11D3-BF4B-00C04F79EFBC}") = "XHTD_Getway_Service", "XHTD_Getway_Service\XHTD_Getway_Service.csproj", "{9BDEF86D-5FDF-46A0-A766-DD640F7EE36B}"
EndProject
Project("{FAE04EC0-301F-11D3-BF4B-00C04F79EFBC}") = "XHTD_Monitor_Service", "XHTD_Monitor_Service\XHTD_Monitor_Service.csproj", "{747A98CA-0671-4395-8C43-45D5DA1C7455}"
EndProject
Project("{FAE04EC0-301F-11D3-BF4B-00C04F79EFBC}") = "XHTD_Call_Service", "XHTD_Call_Service\XHTD_Call_Service.csproj", "{C634FEA7-24AF-43CA-B080-5073F10D8961}"
EndProject
Project("{FAE04EC0-301F-11D3-BF4B-00C04F79EFBC}") = "XHTD_Extension_Service", "XHTD_Extension_Service\XHTD_Extension_Service.csproj", "{F600CC07-D981-436A-B900-22CEAE4B47F0}"
EndProject
Project("{FAE04EC0-301F-11D3-BF4B-00C04F79EFBC}") = "XHTD_Led_Service", "XHTD_Led_Service\XHTD_Led_Service.csproj", "{FE31DE43-7472-4563-A59D-BA18F8919C20}"
EndProject
Project("{FAE04EC0-301F-11D3-BF4B-00C04F79EFBC}") = "PLC_Lib", "PLC_Lib\PLC_Lib.csproj", "{7B285A46-D035-4AAF-BA9D-4CF656FCBA37}"
EndProject
Project("{FAE04EC0-301F-11D3-BF4B-00C04F79EFBC}") = "XHTD_Ping_Service", "XHTD_Ping_Service\XHTD_Ping_Service.csproj", "{0DDC323C-8DEB-4750-B17E-1FE01A6CD782}"
EndProject
Project("{FAE04EC0-301F-11D3-BF4B-00C04F79EFBC}") = "Server_Monitor_Service", "Server_Monitor_Service\Server_Monitor_Service.csproj", "{2367F27B-F61D-4CD5-BFE1-C35BF59012AD}"
EndProject
Project("{FAE04EC0-301F-11D3-BF4B-00C04F79EFBC}") = "XHTD_Print_Service", "XHTD_Print_Service\XHTD_Print_Service.csproj", "{378EF82D-6A2C-4A2B-A163-4BE7F421EC2C}"
EndProject
Project("{FAE04EC0-301F-11D3-BF4B-00C04F79EFBC}") = "ConsoleAppTest", "ConsoleAppTest\ConsoleAppTest.csproj", "{0B404BB4-8032-4C0F-8015-91E0FC030345}"
EndProject
Project("{9A19103F-16F7-4668-BE54-9A1E7A4F7556}") = "XHTD_Notification_API", "XHTD_Notification_API\XHTD_Notification_API.csproj", "{1D997926-AF99-407B-9E36-F578FA532A06}"
EndProject
Project("{FAE04EC0-301F-11D3-BF4B-00C04F79EFBC}") = "XHTD_Getway_In_Service", "XHTD_Getway_In_Service\XHTD_Getway_In_Service.csproj", "{168346D7-1BD3-420C-8A6A-28302F3A8DA6}"
EndProject
Project("{FAE04EC0-301F-11D3-BF4B-00C04F79EFBC}") = "XHTD_Warning_Service", "XHTD_Warning_Service\XHTD_Warning_Service.csproj", "{23B19D4F-BB51-4062-8131-957FCAEFF5A1}"
EndProject
Global
	GlobalSection(SolutionConfigurationPlatforms) = preSolution
		Debug|Any CPU = Debug|Any CPU
		Debug|x86 = Debug|x86
		Release|Any CPU = Release|Any CPU
		Release|x86 = Release|x86
	EndGlobalSection
	GlobalSection(ProjectConfigurationPlatforms) = postSolution
		{D0C31D6C-361D-4755-9AF8-7ED7505F4287}.Debug|Any CPU.ActiveCfg = Debug|Any CPU
		{D0C31D6C-361D-4755-9AF8-7ED7505F4287}.Debug|Any CPU.Build.0 = Debug|Any CPU
		{D0C31D6C-361D-4755-9AF8-7ED7505F4287}.Debug|x86.ActiveCfg = Debug|Any CPU
		{D0C31D6C-361D-4755-9AF8-7ED7505F4287}.Debug|x86.Build.0 = Debug|Any CPU
		{D0C31D6C-361D-4755-9AF8-7ED7505F4287}.Release|Any CPU.ActiveCfg = Release|Any CPU
		{D0C31D6C-361D-4755-9AF8-7ED7505F4287}.Release|Any CPU.Build.0 = Release|Any CPU
		{D0C31D6C-361D-4755-9AF8-7ED7505F4287}.Release|x86.ActiveCfg = Release|Any CPU
		{D0C31D6C-361D-4755-9AF8-7ED7505F4287}.Release|x86.Build.0 = Release|Any CPU
		{9CD8A972-6324-4180-876B-D68C8B29C76C}.Debug|Any CPU.ActiveCfg = Debug|Any CPU
		{9CD8A972-6324-4180-876B-D68C8B29C76C}.Debug|Any CPU.Build.0 = Debug|Any CPU
		{9CD8A972-6324-4180-876B-D68C8B29C76C}.Debug|x86.ActiveCfg = Debug|Any CPU
		{9CD8A972-6324-4180-876B-D68C8B29C76C}.Debug|x86.Build.0 = Debug|Any CPU
		{9CD8A972-6324-4180-876B-D68C8B29C76C}.Release|Any CPU.ActiveCfg = Release|Any CPU
		{9CD8A972-6324-4180-876B-D68C8B29C76C}.Release|Any CPU.Build.0 = Release|Any CPU
		{9CD8A972-6324-4180-876B-D68C8B29C76C}.Release|x86.ActiveCfg = Release|Any CPU
		{9CD8A972-6324-4180-876B-D68C8B29C76C}.Release|x86.Build.0 = Release|Any CPU
		{17F6E306-DAE6-4180-A80D-28C0748F20F3}.Debug|Any CPU.ActiveCfg = Debug|Any CPU
		{17F6E306-DAE6-4180-A80D-28C0748F20F3}.Debug|Any CPU.Build.0 = Debug|Any CPU
		{17F6E306-DAE6-4180-A80D-28C0748F20F3}.Debug|x86.ActiveCfg = Debug|Any CPU
		{17F6E306-DAE6-4180-A80D-28C0748F20F3}.Debug|x86.Build.0 = Debug|Any CPU
		{17F6E306-DAE6-4180-A80D-28C0748F20F3}.Release|Any CPU.ActiveCfg = Release|Any CPU
		{17F6E306-DAE6-4180-A80D-28C0748F20F3}.Release|Any CPU.Build.0 = Release|Any CPU
		{17F6E306-DAE6-4180-A80D-28C0748F20F3}.Release|x86.ActiveCfg = Release|Any CPU
		{17F6E306-DAE6-4180-A80D-28C0748F20F3}.Release|x86.Build.0 = Release|Any CPU
		{53CB607F-66AD-45C1-9D60-73B1B9974248}.Debug|Any CPU.ActiveCfg = Debug|Any CPU
		{53CB607F-66AD-45C1-9D60-73B1B9974248}.Debug|Any CPU.Build.0 = Debug|Any CPU
		{53CB607F-66AD-45C1-9D60-73B1B9974248}.Debug|x86.ActiveCfg = Debug|Any CPU
		{53CB607F-66AD-45C1-9D60-73B1B9974248}.Debug|x86.Build.0 = Debug|Any CPU
		{53CB607F-66AD-45C1-9D60-73B1B9974248}.Release|Any CPU.ActiveCfg = Release|Any CPU
		{53CB607F-66AD-45C1-9D60-73B1B9974248}.Release|Any CPU.Build.0 = Release|Any CPU
		{53CB607F-66AD-45C1-9D60-73B1B9974248}.Release|x86.ActiveCfg = Release|Any CPU
		{53CB607F-66AD-45C1-9D60-73B1B9974248}.Release|x86.Build.0 = Release|Any CPU
		{3791BEA3-6480-4BD8-B7D9-87D84D70EF68}.Debug|Any CPU.ActiveCfg = Debug|Any CPU
		{3791BEA3-6480-4BD8-B7D9-87D84D70EF68}.Debug|Any CPU.Build.0 = Debug|Any CPU
		{3791BEA3-6480-4BD8-B7D9-87D84D70EF68}.Debug|x86.ActiveCfg = Debug|Any CPU
		{3791BEA3-6480-4BD8-B7D9-87D84D70EF68}.Debug|x86.Build.0 = Debug|Any CPU
		{3791BEA3-6480-4BD8-B7D9-87D84D70EF68}.Release|Any CPU.ActiveCfg = Release|Any CPU
		{3791BEA3-6480-4BD8-B7D9-87D84D70EF68}.Release|Any CPU.Build.0 = Release|Any CPU
		{3791BEA3-6480-4BD8-B7D9-87D84D70EF68}.Release|x86.ActiveCfg = Release|Any CPU
		{3791BEA3-6480-4BD8-B7D9-87D84D70EF68}.Release|x86.Build.0 = Release|Any CPU
		{537FB379-26F1-4EE3-89CF-063C6E52F8CB}.Debug|Any CPU.ActiveCfg = Debug|Any CPU
		{537FB379-26F1-4EE3-89CF-063C6E52F8CB}.Debug|Any CPU.Build.0 = Debug|Any CPU
		{537FB379-26F1-4EE3-89CF-063C6E52F8CB}.Debug|x86.ActiveCfg = Debug|Any CPU
		{537FB379-26F1-4EE3-89CF-063C6E52F8CB}.Debug|x86.Build.0 = Debug|Any CPU
		{537FB379-26F1-4EE3-89CF-063C6E52F8CB}.Release|Any CPU.ActiveCfg = Release|Any CPU
		{537FB379-26F1-4EE3-89CF-063C6E52F8CB}.Release|Any CPU.Build.0 = Release|Any CPU
		{537FB379-26F1-4EE3-89CF-063C6E52F8CB}.Release|x86.ActiveCfg = Release|Any CPU
		{537FB379-26F1-4EE3-89CF-063C6E52F8CB}.Release|x86.Build.0 = Release|Any CPU
		{AEDCB166-8BA0-4D31-A370-8AD5D62F2AAC}.Debug|Any CPU.ActiveCfg = Debug|Any CPU
		{AEDCB166-8BA0-4D31-A370-8AD5D62F2AAC}.Debug|Any CPU.Build.0 = Debug|Any CPU
		{AEDCB166-8BA0-4D31-A370-8AD5D62F2AAC}.Debug|x86.ActiveCfg = Debug|Any CPU
		{AEDCB166-8BA0-4D31-A370-8AD5D62F2AAC}.Debug|x86.Build.0 = Debug|Any CPU
		{AEDCB166-8BA0-4D31-A370-8AD5D62F2AAC}.Release|Any CPU.ActiveCfg = Release|Any CPU
		{AEDCB166-8BA0-4D31-A370-8AD5D62F2AAC}.Release|Any CPU.Build.0 = Release|Any CPU
		{AEDCB166-8BA0-4D31-A370-8AD5D62F2AAC}.Release|x86.ActiveCfg = Release|Any CPU
		{AEDCB166-8BA0-4D31-A370-8AD5D62F2AAC}.Release|x86.Build.0 = Release|Any CPU
		{1FBD2AB6-44AD-4B3B-B7A4-3FB8112DB4E8}.Debug|Any CPU.ActiveCfg = Debug|Any CPU
		{1FBD2AB6-44AD-4B3B-B7A4-3FB8112DB4E8}.Debug|Any CPU.Build.0 = Debug|Any CPU
		{1FBD2AB6-44AD-4B3B-B7A4-3FB8112DB4E8}.Debug|x86.ActiveCfg = Debug|x86
		{1FBD2AB6-44AD-4B3B-B7A4-3FB8112DB4E8}.Debug|x86.Build.0 = Debug|x86
		{1FBD2AB6-44AD-4B3B-B7A4-3FB8112DB4E8}.Release|Any CPU.ActiveCfg = Release|Any CPU
		{1FBD2AB6-44AD-4B3B-B7A4-3FB8112DB4E8}.Release|Any CPU.Build.0 = Release|Any CPU
		{1FBD2AB6-44AD-4B3B-B7A4-3FB8112DB4E8}.Release|x86.ActiveCfg = Release|x86
		{1FBD2AB6-44AD-4B3B-B7A4-3FB8112DB4E8}.Release|x86.Build.0 = Release|x86
		{21C7008A-70E0-4CAB-A261-89CB4C3190C2}.Debug|Any CPU.ActiveCfg = Debug|Any CPU
		{21C7008A-70E0-4CAB-A261-89CB4C3190C2}.Debug|Any CPU.Build.0 = Debug|Any CPU
		{21C7008A-70E0-4CAB-A261-89CB4C3190C2}.Debug|x86.ActiveCfg = Debug|Any CPU
		{21C7008A-70E0-4CAB-A261-89CB4C3190C2}.Debug|x86.Build.0 = Debug|Any CPU
		{21C7008A-70E0-4CAB-A261-89CB4C3190C2}.Release|Any CPU.ActiveCfg = Release|Any CPU
		{21C7008A-70E0-4CAB-A261-89CB4C3190C2}.Release|Any CPU.Build.0 = Release|Any CPU
		{21C7008A-70E0-4CAB-A261-89CB4C3190C2}.Release|x86.ActiveCfg = Release|Any CPU
		{21C7008A-70E0-4CAB-A261-89CB4C3190C2}.Release|x86.Build.0 = Release|Any CPU
		{6FAB7314-21D9-434C-8E9C-DA48D19BF486}.Debug|Any CPU.ActiveCfg = Debug|Any CPU
		{6FAB7314-21D9-434C-8E9C-DA48D19BF486}.Debug|Any CPU.Build.0 = Debug|Any CPU
		{6FAB7314-21D9-434C-8E9C-DA48D19BF486}.Debug|x86.ActiveCfg = Debug|x86
		{6FAB7314-21D9-434C-8E9C-DA48D19BF486}.Debug|x86.Build.0 = Debug|x86
		{6FAB7314-21D9-434C-8E9C-DA48D19BF486}.Release|Any CPU.ActiveCfg = Release|Any CPU
		{6FAB7314-21D9-434C-8E9C-DA48D19BF486}.Release|Any CPU.Build.0 = Release|Any CPU
		{6FAB7314-21D9-434C-8E9C-DA48D19BF486}.Release|x86.ActiveCfg = Release|x86
		{6FAB7314-21D9-434C-8E9C-DA48D19BF486}.Release|x86.Build.0 = Release|x86
		{9BDEF86D-5FDF-46A0-A766-DD640F7EE36B}.Debug|Any CPU.ActiveCfg = Debug|Any CPU
		{9BDEF86D-5FDF-46A0-A766-DD640F7EE36B}.Debug|Any CPU.Build.0 = Debug|Any CPU
		{9BDEF86D-5FDF-46A0-A766-DD640F7EE36B}.Debug|x86.ActiveCfg = Debug|Any CPU
		{9BDEF86D-5FDF-46A0-A766-DD640F7EE36B}.Debug|x86.Build.0 = Debug|Any CPU
		{9BDEF86D-5FDF-46A0-A766-DD640F7EE36B}.Release|Any CPU.ActiveCfg = Release|Any CPU
		{9BDEF86D-5FDF-46A0-A766-DD640F7EE36B}.Release|Any CPU.Build.0 = Release|Any CPU
		{9BDEF86D-5FDF-46A0-A766-DD640F7EE36B}.Release|x86.ActiveCfg = Release|Any CPU
		{9BDEF86D-5FDF-46A0-A766-DD640F7EE36B}.Release|x86.Build.0 = Release|Any CPU
		{747A98CA-0671-4395-8C43-45D5DA1C7455}.Debug|Any CPU.ActiveCfg = Debug|Any CPU
		{747A98CA-0671-4395-8C43-45D5DA1C7455}.Debug|Any CPU.Build.0 = Debug|Any CPU
		{747A98CA-0671-4395-8C43-45D5DA1C7455}.Debug|x86.ActiveCfg = Debug|x86
		{747A98CA-0671-4395-8C43-45D5DA1C7455}.Debug|x86.Build.0 = Debug|x86
		{747A98CA-0671-4395-8C43-45D5DA1C7455}.Release|Any CPU.ActiveCfg = Release|Any CPU
		{747A98CA-0671-4395-8C43-45D5DA1C7455}.Release|Any CPU.Build.0 = Release|Any CPU
		{747A98CA-0671-4395-8C43-45D5DA1C7455}.Release|x86.ActiveCfg = Release|x86
		{747A98CA-0671-4395-8C43-45D5DA1C7455}.Release|x86.Build.0 = Release|x86
		{C634FEA7-24AF-43CA-B080-5073F10D8961}.Debug|Any CPU.ActiveCfg = Debug|Any CPU
		{C634FEA7-24AF-43CA-B080-5073F10D8961}.Debug|Any CPU.Build.0 = Debug|Any CPU
		{C634FEA7-24AF-43CA-B080-5073F10D8961}.Debug|x86.ActiveCfg = Debug|x86
		{C634FEA7-24AF-43CA-B080-5073F10D8961}.Debug|x86.Build.0 = Debug|x86
		{C634FEA7-24AF-43CA-B080-5073F10D8961}.Release|Any CPU.ActiveCfg = Release|Any CPU
		{C634FEA7-24AF-43CA-B080-5073F10D8961}.Release|Any CPU.Build.0 = Release|Any CPU
		{C634FEA7-24AF-43CA-B080-5073F10D8961}.Release|x86.ActiveCfg = Release|x86
		{C634FEA7-24AF-43CA-B080-5073F10D8961}.Release|x86.Build.0 = Release|x86
		{F600CC07-D981-436A-B900-22CEAE4B47F0}.Debug|Any CPU.ActiveCfg = Debug|Any CPU
		{F600CC07-D981-436A-B900-22CEAE4B47F0}.Debug|Any CPU.Build.0 = Debug|Any CPU
		{F600CC07-D981-436A-B900-22CEAE4B47F0}.Debug|x86.ActiveCfg = Debug|x86
		{F600CC07-D981-436A-B900-22CEAE4B47F0}.Debug|x86.Build.0 = Debug|x86
		{F600CC07-D981-436A-B900-22CEAE4B47F0}.Release|Any CPU.ActiveCfg = Release|Any CPU
		{F600CC07-D981-436A-B900-22CEAE4B47F0}.Release|Any CPU.Build.0 = Release|Any CPU
		{F600CC07-D981-436A-B900-22CEAE4B47F0}.Release|x86.ActiveCfg = Release|x86
		{F600CC07-D981-436A-B900-22CEAE4B47F0}.Release|x86.Build.0 = Release|x86
		{FE31DE43-7472-4563-A59D-BA18F8919C20}.Debug|Any CPU.ActiveCfg = Debug|Any CPU
		{FE31DE43-7472-4563-A59D-BA18F8919C20}.Debug|Any CPU.Build.0 = Debug|Any CPU
		{FE31DE43-7472-4563-A59D-BA18F8919C20}.Debug|x86.ActiveCfg = Debug|x86
		{FE31DE43-7472-4563-A59D-BA18F8919C20}.Debug|x86.Build.0 = Debug|x86
		{FE31DE43-7472-4563-A59D-BA18F8919C20}.Release|Any CPU.ActiveCfg = Release|Any CPU
		{FE31DE43-7472-4563-A59D-BA18F8919C20}.Release|Any CPU.Build.0 = Release|Any CPU
		{FE31DE43-7472-4563-A59D-BA18F8919C20}.Release|x86.ActiveCfg = Release|x86
		{FE31DE43-7472-4563-A59D-BA18F8919C20}.Release|x86.Build.0 = Release|x86
		{7B285A46-D035-4AAF-BA9D-4CF656FCBA37}.Debug|Any CPU.ActiveCfg = Debug|Any CPU
		{7B285A46-D035-4AAF-BA9D-4CF656FCBA37}.Debug|Any CPU.Build.0 = Debug|Any CPU
		{7B285A46-D035-4AAF-BA9D-4CF656FCBA37}.Debug|x86.ActiveCfg = Debug|Any CPU
		{7B285A46-D035-4AAF-BA9D-4CF656FCBA37}.Debug|x86.Build.0 = Debug|Any CPU
		{7B285A46-D035-4AAF-BA9D-4CF656FCBA37}.Release|Any CPU.ActiveCfg = Release|Any CPU
		{7B285A46-D035-4AAF-BA9D-4CF656FCBA37}.Release|Any CPU.Build.0 = Release|Any CPU
		{7B285A46-D035-4AAF-BA9D-4CF656FCBA37}.Release|x86.ActiveCfg = Release|Any CPU
		{7B285A46-D035-4AAF-BA9D-4CF656FCBA37}.Release|x86.Build.0 = Release|Any CPU
		{0DDC323C-8DEB-4750-B17E-1FE01A6CD782}.Debug|Any CPU.ActiveCfg = Debug|Any CPU
		{0DDC323C-8DEB-4750-B17E-1FE01A6CD782}.Debug|Any CPU.Build.0 = Debug|Any CPU
		{0DDC323C-8DEB-4750-B17E-1FE01A6CD782}.Debug|x86.ActiveCfg = Debug|x86
		{0DDC323C-8DEB-4750-B17E-1FE01A6CD782}.Debug|x86.Build.0 = Debug|x86
		{0DDC323C-8DEB-4750-B17E-1FE01A6CD782}.Release|Any CPU.ActiveCfg = Release|Any CPU
		{0DDC323C-8DEB-4750-B17E-1FE01A6CD782}.Release|Any CPU.Build.0 = Release|Any CPU
		{0DDC323C-8DEB-4750-B17E-1FE01A6CD782}.Release|x86.ActiveCfg = Release|x86
		{0DDC323C-8DEB-4750-B17E-1FE01A6CD782}.Release|x86.Build.0 = Release|x86
		{2367F27B-F61D-4CD5-BFE1-C35BF59012AD}.Debug|Any CPU.ActiveCfg = Debug|Any CPU
		{2367F27B-F61D-4CD5-BFE1-C35BF59012AD}.Debug|Any CPU.Build.0 = Debug|Any CPU
		{2367F27B-F61D-4CD5-BFE1-C35BF59012AD}.Debug|x86.ActiveCfg = Debug|x86
		{2367F27B-F61D-4CD5-BFE1-C35BF59012AD}.Debug|x86.Build.0 = Debug|x86
		{2367F27B-F61D-4CD5-BFE1-C35BF59012AD}.Release|Any CPU.ActiveCfg = Release|Any CPU
		{2367F27B-F61D-4CD5-BFE1-C35BF59012AD}.Release|Any CPU.Build.0 = Release|Any CPU
		{2367F27B-F61D-4CD5-BFE1-C35BF59012AD}.Release|x86.ActiveCfg = Release|x86
		{2367F27B-F61D-4CD5-BFE1-C35BF59012AD}.Release|x86.Build.0 = Release|x86
		{378EF82D-6A2C-4A2B-A163-4BE7F421EC2C}.Debug|Any CPU.ActiveCfg = Debug|Any CPU
		{378EF82D-6A2C-4A2B-A163-4BE7F421EC2C}.Debug|Any CPU.Build.0 = Debug|Any CPU
		{378EF82D-6A2C-4A2B-A163-4BE7F421EC2C}.Debug|x86.ActiveCfg = Debug|x86
		{378EF82D-6A2C-4A2B-A163-4BE7F421EC2C}.Debug|x86.Build.0 = Debug|x86
		{378EF82D-6A2C-4A2B-A163-4BE7F421EC2C}.Release|Any CPU.ActiveCfg = Release|Any CPU
		{378EF82D-6A2C-4A2B-A163-4BE7F421EC2C}.Release|Any CPU.Build.0 = Release|Any CPU
		{378EF82D-6A2C-4A2B-A163-4BE7F421EC2C}.Release|x86.ActiveCfg = Release|x86
		{378EF82D-6A2C-4A2B-A163-4BE7F421EC2C}.Release|x86.Build.0 = Release|x86
		{0B404BB4-8032-4C0F-8015-91E0FC030345}.Debug|Any CPU.ActiveCfg = Debug|Any CPU
		{0B404BB4-8032-4C0F-8015-91E0FC030345}.Debug|Any CPU.Build.0 = Debug|Any CPU
		{0B404BB4-8032-4C0F-8015-91E0FC030345}.Debug|x86.ActiveCfg = Debug|Any CPU
		{0B404BB4-8032-4C0F-8015-91E0FC030345}.Debug|x86.Build.0 = Debug|Any CPU
		{0B404BB4-8032-4C0F-8015-91E0FC030345}.Release|Any CPU.ActiveCfg = Release|Any CPU
		{0B404BB4-8032-4C0F-8015-91E0FC030345}.Release|Any CPU.Build.0 = Release|Any CPU
		{0B404BB4-8032-4C0F-8015-91E0FC030345}.Release|x86.ActiveCfg = Release|Any CPU
		{0B404BB4-8032-4C0F-8015-91E0FC030345}.Release|x86.Build.0 = Release|Any CPU
		{1D997926-AF99-407B-9E36-F578FA532A06}.Debug|Any CPU.ActiveCfg = Debug|Any CPU
		{1D997926-AF99-407B-9E36-F578FA532A06}.Debug|Any CPU.Build.0 = Debug|Any CPU
		{1D997926-AF99-407B-9E36-F578FA532A06}.Debug|x86.ActiveCfg = Debug|Any CPU
		{1D997926-AF99-407B-9E36-F578FA532A06}.Debug|x86.Build.0 = Debug|Any CPU
		{1D997926-AF99-407B-9E36-F578FA532A06}.Release|Any CPU.ActiveCfg = Release|Any CPU
		{1D997926-AF99-407B-9E36-F578FA532A06}.Release|Any CPU.Build.0 = Release|Any CPU
		{1D997926-AF99-407B-9E36-F578FA532A06}.Release|x86.ActiveCfg = Release|Any CPU
		{1D997926-AF99-407B-9E36-F578FA532A06}.Release|x86.Build.0 = Release|Any CPU
		{168346D7-1BD3-420C-8A6A-28302F3A8DA6}.Debug|Any CPU.ActiveCfg = Debug|Any CPU
		{168346D7-1BD3-420C-8A6A-28302F3A8DA6}.Debug|Any CPU.Build.0 = Debug|Any CPU
		{168346D7-1BD3-420C-8A6A-28302F3A8DA6}.Debug|x86.ActiveCfg = Debug|Any CPU
		{168346D7-1BD3-420C-8A6A-28302F3A8DA6}.Debug|x86.Build.0 = Debug|Any CPU
		{168346D7-1BD3-420C-8A6A-28302F3A8DA6}.Release|Any CPU.ActiveCfg = Release|Any CPU
		{168346D7-1BD3-420C-8A6A-28302F3A8DA6}.Release|Any CPU.Build.0 = Release|Any CPU
		{168346D7-1BD3-420C-8A6A-28302F3A8DA6}.Release|x86.ActiveCfg = Release|Any CPU
		{168346D7-1BD3-420C-8A6A-28302F3A8DA6}.Release|x86.Build.0 = Release|Any CPU
		{23B19D4F-BB51-4062-8131-957FCAEFF5A1}.Debug|Any CPU.ActiveCfg = Debug|Any CPU
		{23B19D4F-BB51-4062-8131-957FCAEFF5A1}.Debug|Any CPU.Build.0 = Debug|Any CPU
		{23B19D4F-BB51-4062-8131-957FCAEFF5A1}.Debug|x86.ActiveCfg = Debug|x86
		{23B19D4F-BB51-4062-8131-957FCAEFF5A1}.Debug|x86.Build.0 = Debug|x86
		{23B19D4F-BB51-4062-8131-957FCAEFF5A1}.Release|Any CPU.ActiveCfg = Release|Any CPU
		{23B19D4F-BB51-4062-8131-957FCAEFF5A1}.Release|Any CPU.Build.0 = Release|Any CPU
		{23B19D4F-BB51-4062-8131-957FCAEFF5A1}.Release|x86.ActiveCfg = Release|x86
		{23B19D4F-BB51-4062-8131-957FCAEFF5A1}.Release|x86.Build.0 = Release|x86
	EndGlobalSection
	GlobalSection(SolutionProperties) = preSolution
		HideSolutionNode = FALSE
	EndGlobalSection
	GlobalSection(ExtensibilityGlobals) = postSolution
		SolutionGuid = {0C77E792-89F9-4859-AFC5-75E04483AC92}
	EndGlobalSection
EndGlobal
